
Microsoft Visual Studio Solution File, Format Version 12.00
# Visual Studio Version 17
VisualStudioVersion = 17.5.33530.505
MinimumVisualStudioVersion = 10.0.40219.1
Project("{9A19103F-16F7-4668-BE54-9A1E7A4F7556}") = "RecordKeeperWinForm", "RecordKeeperWinForm\RecordKeeperWinForm.csproj", "{27B144D8-B4B3-48BC-903C-FD1175C74137}"
EndProject
Project("{9A19103F-16F7-4668-BE54-9A1E7A4F7556}") = "CPUFramework", "..\..\CPUFramework\CPUFramework.csproj", "{844A9F94-D43D-4BCD-BDBA-5141DD8E7D7C}"
EndProject
Project("{9A19103F-16F7-4668-BE54-9A1E7A4F7556}") = "CPUWinFormsFramework", "..\..\CPUWinFormsFramework\CPUWinFormsFramework.csproj", "{A9963A57-2F9F-424F-8182-8E50FD4B2EEA}"
EndProject
Project("{FAE04EC0-301F-11D3-BF4B-00C04F79EFBC}") = "RecordKeeperSystem", "RecordKeeperSystem\RecordKeeperSystem.csproj", "{97BF7819-25E8-490E-9BC2-7498BF7226DB}"
EndProject
Project("{FAE04EC0-301F-11D3-BF4B-00C04F79EFBC}") = "RecordKeeperTest", "RecordKeeperTest\RecordKeeperTest.csproj", "{74A9FE31-7811-414A-9B99-61FB0526E756}"
EndProject
Global
	GlobalSection(SolutionConfigurationPlatforms) = preSolution
		Debug|Any CPU = Debug|Any CPU
		Release|Any CPU = Release|Any CPU
	EndGlobalSection
	GlobalSection(ProjectConfigurationPlatforms) = postSolution
		{27B144D8-B4B3-48BC-903C-FD1175C74137}.Debug|Any CPU.ActiveCfg = Debug|Any CPU
		{27B144D8-B4B3-48BC-903C-FD1175C74137}.Debug|Any CPU.Build.0 = Debug|Any CPU
		{27B144D8-B4B3-48BC-903C-FD1175C74137}.Release|Any CPU.ActiveCfg = Release|Any CPU
		{27B144D8-B4B3-48BC-903C-FD1175C74137}.Release|Any CPU.Build.0 = Release|Any CPU
		{844A9F94-D43D-4BCD-BDBA-5141DD8E7D7C}.Debug|Any CPU.ActiveCfg = Debug|Any CPU
		{844A9F94-D43D-4BCD-BDBA-5141DD8E7D7C}.Debug|Any CPU.Build.0 = Debug|Any CPU
		{844A9F94-D43D-4BCD-BDBA-5141DD8E7D7C}.Release|Any CPU.ActiveCfg = Release|Any CPU
		{844A9F94-D43D-4BCD-BDBA-5141DD8E7D7C}.Release|Any CPU.Build.0 = Release|Any CPU
		{A9963A57-2F9F-424F-8182-8E50FD4B2EEA}.Debug|Any CPU.ActiveCfg = Debug|Any CPU
		{A9963A57-2F9F-424F-8182-8E50FD4B2EEA}.Debug|Any CPU.Build.0 = Debug|Any CPU
		{A9963A57-2F9F-424F-8182-8E50FD4B2EEA}.Release|Any CPU.ActiveCfg = Release|Any CPU
		{A9963A57-2F9F-424F-8182-8E50FD4B2EEA}.Release|Any CPU.Build.0 = Release|Any CPU
		{97BF7819-25E8-490E-9BC2-7498BF7226DB}.Debug|Any CPU.ActiveCfg = Debug|Any CPU
		{97BF7819-25E8-490E-9BC2-7498BF7226DB}.Debug|Any CPU.Build.0 = Debug|Any CPU
		{97BF7819-25E8-490E-9BC2-7498BF7226DB}.Release|Any CPU.ActiveCfg = Release|Any CPU
		{97BF7819-25E8-490E-9BC2-7498BF7226DB}.Release|Any CPU.Build.0 = Release|Any CPU
		{74A9FE31-7811-414A-9B99-61FB0526E756}.Debug|Any CPU.ActiveCfg = Debug|Any CPU
		{74A9FE31-7811-414A-9B99-61FB0526E756}.Debug|Any CPU.Build.0 = Debug|Any CPU
		{74A9FE31-7811-414A-9B99-61FB0526E756}.Release|Any CPU.ActiveCfg = Release|Any CPU
		{74A9FE31-7811-414A-9B99-61FB0526E756}.Release|Any CPU.Build.0 = Release|Any CPU
	EndGlobalSection
	GlobalSection(SolutionProperties) = preSolution
		HideSolutionNode = FALSE
	EndGlobalSection
	GlobalSection(ExtensibilityGlobals) = postSolution
		SolutionGuid = {12283138-F384-427F-B007-373EB924A55D}
	EndGlobalSection
EndGlobal
